Microsoft Visual Studio Solution File, Format Version 12.00
# Visual Studio 2012
Project("{FAE04EC0-301F-11D3-BF4B-00C04F79EFBC}") = "Blocks", "Blocks.csproj", "{8525BA60-807C-44F8-B8E9-C1E0B5B6C5DE}"
EndProject
Global
	GlobalSection(SolutionConfigurationPlatforms) = preSolution
	Debug|Any CPU = Debug|Any CPU
	ExportDebug|Any CPU = ExportDebug|Any CPU
	ExportRelease|Any CPU = ExportRelease|Any CPU
	EndGlobalSection
	GlobalSection(ProjectConfigurationPlatforms) = postSolution
		{8525BA60-807C-44F8-B8E9-C1E0B5B6C5DE}.Debug|Any CPU.ActiveCfg = Debug|Any CPU
		{8525BA60-807C-44F8-B8E9-C1E0B5B6C5DE}.Debug|Any CPU.Build.0 = Debug|Any CPU
		{8525BA60-807C-44F8-B8E9-C1E0B5B6C5DE}.ExportDebug|Any CPU.ActiveCfg = ExportDebug|Any CPU
		{8525BA60-807C-44F8-B8E9-C1E0B5B6C5DE}.ExportDebug|Any CPU.Build.0 = ExportDebug|Any CPU
		{8525BA60-807C-44F8-B8E9-C1E0B5B6C5DE}.ExportRelease|Any CPU.ActiveCfg = ExportRelease|Any CPU
		{8525BA60-807C-44F8-B8E9-C1E0B5B6C5DE}.ExportRelease|Any CPU.Build.0 = ExportRelease|Any CPU
	EndGlobalSection
EndGlobal
